// !$*UTF8*$!
{
	archiveVersion = 1;
	classes = {
	};
	objectVersion = 56;
	objects = {

/* Begin PBXBuildFile section */
		7B16C6182C216F94006E9612 /* AppDelegate.swift in Sources */ = {isa = PBXBuildFile; fileRef = 7B16C6172C216F94006E9612 /* AppDelegate.swift */; };
		7B16C61A2C216F94006E9612 /* SceneDelegate.swift in Sources */ = {isa = PBXBuildFile; fileRef = 7B16C6192C216F94006E9612 /* SceneDelegate.swift */; };
		7B16C61C2C216F94006E9612 /* ViewController.swift in Sources */ = {isa = PBXBuildFile; fileRef = 7B16C61B2C216F94006E9612 /* ViewController.swift */; };
		7B16C61F2C216F94006E9612 /* Main.storyboard in Resources */ = {isa = PBXBuildFile; fileRef = 7B16C61D2C216F94006E9612 /* Main.storyboard */; };
		7B16C6212C216F94006E9612 /* Assets.xcassets in Resources */ = {isa = PBXBuildFile; fileRef = 7B16C6202C216F94006E9612 /* Assets.xcassets */; };
		7B16C6242C216F94006E9612 /* LaunchScreen.storyboard in Resources */ = {isa = PBXBuildFile; fileRef = 7B16C6222C216F94006E9612 /* LaunchScreen.storyboard */; };
		7B16C62F2C216F95006E9612 /* Weather_RxSwiftTests.swift in Sources */ = {isa = PBXBuildFile; fileRef = 7B16C62E2C216F95006E9612 /* Weather_RxSwiftTests.swift */; };
		7B16C6392C216F95006E9612 /* Weather_RxSwiftUITests.swift in Sources */ = {isa = PBXBuildFile; fileRef = 7B16C6382C216F95006E9612 /* Weather_RxSwiftUITests.swift */; };
		7B16C63B2C216F95006E9612 /* Weather_RxSwiftUITestsLaunchTests.swift in Sources */ = {isa = PBXBuildFile; fileRef = 7B16C63A2C216F95006E9612 /* Weather_RxSwiftUITestsLaunchTests.swift */; };
		7B16C6492C216FC7006E9612 /* RxCocoa in Frameworks */ = {isa = PBXBuildFile; productRef = 7B16C6482C216FC7006E9612 /* RxCocoa */; };
		7B16C64B2C216FC7006E9612 /* RxSwift in Frameworks */ = {isa = PBXBuildFile; productRef = 7B16C64A2C216FC7006E9612 /* RxSwift */; };
		7B16C64D2C216FC7006E9612 /* RxTest in Frameworks */ = {isa = PBXBuildFile; productRef = 7B16C64C2C216FC7006E9612 /* RxTest */; };
		7B16C64F2C21773C006E9612 /* APIController.swift in Sources */ = {isa = PBXBuildFile; fileRef = 7B16C64E2C21773C006E9612 /* APIController.swift */; };
		7B7BEEF12C25B1E900778616 /* PropertyList.plist in Resources */ = {isa = PBXBuildFile; fileRef = 7B7BEEF02C25B1E900778616 /* PropertyList.plist */; };
		7B7BEEF32C25B20B00778616 /* Extension+Bundle.swift in Sources */ = {isa = PBXBuildFile; fileRef = 7B7BEEF22C25B20B00778616 /* Extension+Bundle.swift */; };
/* End PBXBuildFile section */

/* Begin PBXContainerItemProxy section */
		7B16C62B2C216F95006E9612 /* PBXContainerItemProxy */ = {
			isa = PBXContainerItemProxy;
			containerPortal = 7B16C60C2C216F93006E9612 /* Project object */;
			proxyType = 1;
			remoteGlobalIDString = 7B16C6132C216F93006E9612;
			remoteInfo = Weather_RxSwift;
		};
		7B16C6352C216F95006E9612 /* PBXContainerItemProxy */ = {
			isa = PBXContainerItemProxy;
			containerPortal = 7B16C60C2C216F93006E9612 /* Project object */;
			proxyType = 1;
			remoteGlobalIDString = 7B16C6132C216F93006E9612;
			remoteInfo = Weather_RxSwift;
		};
/* End PBXContainerItemProxy section */

/* Begin PBXFileReference section */
		7B16C6142C216F94006E9612 /* Weather_RxSwift.app */ = {isa = PBXFileReference; explicitFileType = wrapper.application; includeInIndex = 0; path = Weather_RxSwift.app; sourceTree = BUILT_PRODUCTS_DIR; };
		7B16C6172C216F94006E9612 /* AppDelegate.swift */ = {isa = PBXFileReference; lastKnownFileType = sourcecode.swift; path = AppDelegate.swift; sourceTree = "<group>"; };
		7B16C6192C216F94006E9612 /* SceneDelegate.swift */ = {isa = PBXFileReference; lastKnownFileType = sourcecode.swift; path = SceneDelegate.swift; sourceTree = "<group>"; };
		7B16C61B2C216F94006E9612 /* ViewController.swift */ = {isa = PBXFileReference; lastKnownFileType = sourcecode.swift; path = ViewController.swift; sourceTree = "<group>"; };
		7B16C61E2C216F94006E9612 /* Base */ = {isa = PBXFileReference; lastKnownFileType = file.storyboard; name = Base; path = Base.lproj/Main.storyboard; sourceTree = "<group>"; };
		7B16C6202C216F94006E9612 /* Assets.xcassets */ = {isa = PBXFileReference; lastKnownFileType = folder.assetcatalog; path = Assets.xcassets; sourceTree = "<group>"; };
		7B16C6232C216F94006E9612 /* Base */ = {isa = PBXFileReference; lastKnownFileType = file.storyboard; name = Base; path = Base.lproj/LaunchScreen.storyboard; sourceTree = "<group>"; };
		7B16C6252C216F94006E9612 /* Info.plist */ = {isa = PBXFileReference; lastKnownFileType = text.plist.xml; path = Info.plist; sourceTree = "<group>"; };
		7B16C62A2C216F95006E9612 /* Weather_RxSwiftTests.xctest */ = {isa = PBXFileReference; explicitFileType = wrapper.cfbundle; includeInIndex = 0; path = Weather_RxSwiftTests.xctest; sourceTree = BUILT_PRODUCTS_DIR; };
		7B16C62E2C216F95006E9612 /* Weather_RxSwiftTests.swift */ = {isa = PBXFileReference; lastKnownFileType = sourcecode.swift; path = Weather_RxSwiftTests.swift; sourceTree = "<group>"; };
		7B16C6342C216F95006E9612 /* Weather_RxSwiftUITests.xctest */ = {isa = PBXFileReference; explicitFileType = wrapper.cfbundle; includeInIndex = 0; path = Weather_RxSwiftUITests.xctest; sourceTree = BUILT_PRODUCTS_DIR; };
		7B16C6382C216F95006E9612 /* Weather_RxSwiftUITests.swift */ = {isa = PBXFileReference; lastKnownFileType = sourcecode.swift; path = Weather_RxSwiftUITests.swift; sourceTree = "<group>"; };
		7B16C63A2C216F95006E9612 /* Weather_RxSwiftUITestsLaunchTests.swift */ = {isa = PBXFileReference; lastKnownFileType = sourcecode.swift; path = Weather_RxSwiftUITestsLaunchTests.swift; sourceTree = "<group>"; };
		7B16C64E2C21773C006E9612 /* APIController.swift */ = {isa = PBXFileReference; lastKnownFileType = sourcecode.swift; path = APIController.swift; sourceTree = "<group>"; };
		7B7BEEF02C25B1E900778616 /* PropertyList.plist */ = {isa = PBXFileReference; lastKnownFileType = text.plist.xml; path = PropertyList.plist; sourceTree = "<group>"; };
		7B7BEEF22C25B20B00778616 /* Extension+Bundle.swift */ = {isa = PBXFileReference; lastKnownFileType = sourcecode.swift; path = "Extension+Bundle.swift"; sourceTree = "<group>"; };
/* End PBXFileReference section */

/* Begin PBXFrameworksBuildPhase section */
		7B16C6112C216F93006E9612 /* Frameworks */ = {
			isa = PBXFrameworksBuildPhase;
			buildActionMask = 2147483647;
			files = (
				7B16C64B2C216FC7006E9612 /* RxSwift in Frameworks */,
				7B16C6492C216FC7006E9612 /* RxCocoa in Frameworks */,
			);
			runOnlyForDeploymentPostprocessing = 0;
		};
		7B16C6272C216F95006E9612 /* Frameworks */ = {
			isa = PBXFrameworksBuildPhase;
			buildActionMask = 2147483647;
			files = (
				7B16C64D2C216FC7006E9612 /* RxTest in Frameworks */,
			);
			runOnlyForDeploymentPostprocessing = 0;
		};
		7B16C6312C216F95006E9612 /* Frameworks */ = {
			isa = PBXFrameworksBuildPhase;
			buildActionMask = 2147483647;
			files = (
			);
			runOnlyForDeploymentPostprocessing = 0;
		};
/* End PBXFrameworksBuildPhase section */

/* Begin PBXGroup section */
		7B16C60B2C216F93006E9612 = {
			isa = PBXGroup;
			children = (
				7B16C6162C216F94006E9612 /* Weather_RxSwift */,
				7B16C62D2C216F95006E9612 /* Weather_RxSwiftTests */,
				7B16C6372C216F95006E9612 /* Weather_RxSwiftUITests */,
				7B16C6152C216F94006E9612 /* Products */,
			);
			sourceTree = "<group>";
		};
		7B16C6152C216F94006E9612 /* Products */ = {
			isa = PBXGroup;
			children = (
				7B16C6142C216F94006E9612 /* Weather_RxSwift.app */,
				7B16C62A2C216F95006E9612 /* Weather_RxSwiftTests.xctest */,
				7B16C6342C216F95006E9612 /* Weather_RxSwiftUITests.xctest */,
			);
			name = Products;
			sourceTree = "<group>";
		};
		7B16C6162C216F94006E9612 /* Weather_RxSwift */ = {
			isa = PBXGroup;
			children = (
				7B16C6172C216F94006E9612 /* AppDelegate.swift */,
				7B16C6192C216F94006E9612 /* SceneDelegate.swift */,
				7B16C61B2C216F94006E9612 /* ViewController.swift */,
				7B16C64E2C21773C006E9612 /* APIController.swift */,
				7B7BEEF22C25B20B00778616 /* Extension+Bundle.swift */,
				7B16C61D2C216F94006E9612 /* Main.storyboard */,
				7B16C6202C216F94006E9612 /* Assets.xcassets */,
				7B16C6222C216F94006E9612 /* LaunchScreen.storyboard */,
				7B16C6252C216F94006E9612 /* Info.plist */,
				7B7BEEF02C25B1E900778616 /* PropertyList.plist */,
			);
			path = Weather_RxSwift;
			sourceTree = "<group>";
		};
		7B16C62D2C216F95006E9612 /* Weather_RxSwiftTests */ = {
			isa = PBXGroup;
			children = (
				7B16C62E2C216F95006E9612 /* Weather_RxSwiftTests.swift */,
			);
			path = Weather_RxSwiftTests;
			sourceTree = "<group>";
		};
		7B16C6372C216F95006E9612 /* Weather_RxSwiftUITests */ = {
			isa = PBXGroup;
			children = (
				7B16C6382C216F95006E9612 /* Weather_RxSwiftUITests.swift */,
				7B16C63A2C216F95006E9612 /* Weather_RxSwiftUITestsLaunchTests.swift */,
			);
			path = Weather_RxSwiftUITests;
			sourceTree = "<group>";
		};
/* End PBXGroup section */

/* Begin PBXNativeTarget section */
		7B16C6132C216F93006E9612 /* Weather_RxSwift */ = {
			isa = PBXNativeTarget;
			buildConfigurationList = 7B16C63E2C216F95006E9612 /* Build configuration list for PBXNativeTarget "Weather_RxSwift" */;
			buildPhases = (
				7B16C6102C216F93006E9612 /* Sources */,
				7B16C6112C216F93006E9612 /* Frameworks */,
				7B16C6122C216F93006E9612 /* Resources */,
			);
			buildRules = (
			);
			dependencies = (
			);
			name = Weather_RxSwift;
			packageProductDependencies = (
				7B16C6482C216FC7006E9612 /* RxCocoa */,
				7B16C64A2C216FC7006E9612 /* RxSwift */,
			);
			productName = Weather_RxSwift;
			productReference = 7B16C6142C216F94006E9612 /* Weather_RxSwift.app */;
			productType = "com.apple.product-type.application";
		};
		7B16C6292C216F95006E9612 /* Weather_RxSwiftTests */ = {
			isa = PBXNativeTarget;
			buildConfigurationList = 7B16C6412C216F95006E9612 /* Build configuration list for PBXNativeTarget "Weather_RxSwiftTests" */;
			buildPhases = (
				7B16C6262C216F95006E9612 /* Sources */,
				7B16C6272C216F95006E9612 /* Frameworks */,
				7B16C6282C216F95006E9612 /* Resources */,
			);
			buildRules = (
			);
			dependencies = (
				7B16C62C2C216F95006E9612 /* PBXTargetDependency */,
			);
			name = Weather_RxSwiftTests;
			packageProductDependencies = (
				7B16C64C2C216FC7006E9612 /* RxTest */,
			);
			productName = Weather_RxSwiftTests;
			productReference = 7B16C62A2C216F95006E9612 /* Weather_RxSwiftTests.xctest */;
			productType = "com.apple.product-type.bundle.unit-test";
		};
		7B16C6332C216F95006E9612 /* Weather_RxSwiftUITests */ = {
			isa = PBXNativeTarget;
			buildConfigurationList = 7B16C6442C216F95006E9612 /* Build configuration list for PBXNativeTarget "Weather_RxSwiftUITests" */;
			buildPhases = (
				7B16C6302C216F95006E9612 /* Sources */,
				7B16C6312C216F95006E9612 /* Frameworks */,
				7B16C6322C216F95006E9612 /* Resources */,
			);
			buildRules = (
			);
			dependencies = (
				7B16C6362C216F95006E9612 /* PBXTargetDependency */,
			);
			name = Weather_RxSwiftUITests;
			productName = Weather_RxSwiftUITests;
			productReference = 7B16C6342C216F95006E9612 /* Weather_RxSwiftUITests.xctest */;
			productType = "com.apple.product-type.bundle.ui-testing";
		};
/* End PBXNativeTarget section */

/* Begin PBXProject section */
		7B16C60C2C216F93006E9612 /* Project object */ = {
			isa = PBXProject;
			attributes = {
				BuildIndependentTargetsInParallel = 1;
				LastSwiftUpdateCheck = 1500;
				LastUpgradeCheck = 1500;
				TargetAttributes = {
					7B16C6132C216F93006E9612 = {
						CreatedOnToolsVersion = 15.0.1;
					};
					7B16C6292C216F95006E9612 = {
						CreatedOnToolsVersion = 15.0.1;
						TestTargetID = 7B16C6132C216F93006E9612;
					};
					7B16C6332C216F95006E9612 = {
						CreatedOnToolsVersion = 15.0.1;
						TestTargetID = 7B16C6132C216F93006E9612;
					};
				};
			};
			buildConfigurationList = 7B16C60F2C216F93006E9612 /* Build configuration list for PBXProject "Weather_RxSwift" */;
			compatibilityVersion = "Xcode 14.0";
			developmentRegion = en;
			hasScannedForEncodings = 0;
			knownRegions = (
				en,
				Base,
			);
			mainGroup = 7B16C60B2C216F93006E9612;
			packageReferences = (
				7B16C6472C216FC7006E9612 /* XCRemoteSwiftPackageReference "RxSwift" */,
			);
			productRefGroup = 7B16C6152C216F94006E9612 /* Products */;
			projectDirPath = "";
			projectRoot = "";
			targets = (
				7B16C6132C216F93006E9612 /* Weather_RxSwift */,
				7B16C6292C216F95006E9612 /* Weather_RxSwiftTests */,
				7B16C6332C216F95006E9612 /* Weather_RxSwiftUITests */,
			);
		};
/* End PBXProject section */

/* Begin PBXResourcesBuildPhase section */
		7B16C6122C216F93006E9612 /* Resources */ = {
			isa = PBXResourcesBuildPhase;
			buildActionMask = 2147483647;
			files = (
				7B16C6242C216F94006E9612 /* LaunchScreen.storyboard in Resources */,
				7B7BEEF12C25B1E900778616 /* PropertyList.plist in Resources */,
				7B16C6212C216F94006E9612 /* Assets.xcassets in Resources */,
				7B16C61F2C216F94006E9612 /* Main.storyboard in Resources */,
			);
			runOnlyForDeploymentPostprocessing = 0;
		};
		7B16C6282C216F95006E9612 /* Resources */ = {
			isa = PBXResourcesBuildPhase;
			buildActionMask = 2147483647;
			files = (
			);
			runOnlyForDeploymentPostprocessing = 0;
		};
		7B16C6322C216F95006E9612 /* Resources */ = {
			isa = PBXResourcesBuildPhase;
			buildActionMask = 2147483647;
			files = (
			);
			runOnlyForDeploymentPostprocessing = 0;
		};
/* End PBXResourcesBuildPhase section */

/* Begin PBXSourcesBuildPhase section */
		7B16C6102C216F93006E9612 /* Sources */ = {
			isa = PBXSourcesBuildPhase;
			buildActionMask = 2147483647;
			files = (
				7B16C64F2C21773C006E9612 /* APIController.swift in Sources */,
				7B7BEEF32C25B20B00778616 /* Extension+Bundle.swift in Sources */,
				7B16C61C2C216F94006E9612 /* ViewController.swift in Sources */,
				7B16C6182C216F94006E9612 /* AppDelegate.swift in Sources */,
				7B16C61A2C216F94006E9612 /* SceneDelegate.swift in Sources */,
			);
			runOnlyForDeploymentPostprocessing = 0;
		};
		7B16C6262C216F95006E9612 /* Sources */ = {
			isa = PBXSourcesBuildPhase;
			buildActionMask = 2147483647;
			files = (
				7B16C62F2C216F95006E9612 /* Weather_RxSwiftTests.swift in Sources */,
			);
			runOnlyForDeploymentPostprocessing = 0;
		};
		7B16C6302C216F95006E9612 /* Sources */ = {
			isa = PBXSourcesBuildPhase;
			buildActionMask = 2147483647;
			files = (
				7B16C6392C216F95006E9612 /* Weather_RxSwiftUITests.swift in Sources */,
				7B16C63B2C216F95006E9612 /* Weather_RxSwiftUITestsLaunchTests.swift in Sources */,
			);
			runOnlyForDeploymentPostprocessing = 0;
		};
/* End PBXSourcesBuildPhase section */

/* Begin PBXTargetDependency section */
		7B16C62C2C216F95006E9612 /* PBXTargetDependency */ = {
			isa = PBXTargetDependency;
			target = 7B16C6132C216F93006E9612 /* Weather_RxSwift */;
			targetProxy = 7B16C62B2C216F95006E9612 /* PBXContainerItemProxy */;
		};
		7B16C6362C216F95006E9612 /* PBXTargetDependency */ = {
			isa = PBXTargetDependency;
			target = 7B16C6132C216F93006E9612 /* Weather_RxSwift */;
			targetProxy = 7B16C6352C216F95006E9612 /* PBXContainerItemProxy */;
		};
/* End PBXTargetDependency section */

/* Begin PBXVariantGroup section */
		7B16C61D2C216F94006E9612 /* Main.storyboard */ = {
			isa = PBXVariantGroup;
			children = (
				7B16C61E2C216F94006E9612 /* Base */,
			);
			name = Main.storyboard;
			sourceTree = "<group>";
		};
		7B16C6222C216F94006E9612 /* LaunchScreen.storyboard */ = {
			isa = PBXVariantGroup;
			children = (
				7B16C6232C216F94006E9612 /* Base */,
			);
			name = LaunchScreen.storyboard;
			sourceTree = "<group>";
		};
/* End PBXVariantGroup section */

/* Begin XCBuildConfiguration section */
		7B16C63C2C216F95006E9612 /* Debug */ = {
			isa = XCBuildConfiguration;
			buildSettings = {
				ALWAYS_SEARCH_USER_PATHS = NO;
				ASSETCATALOG_COMPILER_GENERATE_SWIFT_ASSET_SYMBOL_EXTENSIONS = YES;
				CLANG_ANALYZER_NONNULL = YES;
				CLANG_ANALYZER_NUMBER_OBJECT_CONVERSION = YES_AGGRESSIVE;
				CLANG_CXX_LANGUAGE_STANDARD = "gnu++20";
				CLANG_ENABLE_MODULES = YES;
				CLANG_ENABLE_OBJC_ARC = YES;
				CLANG_ENABLE_OBJC_WEAK = YES;
				CLANG_WARN_BLOCK_CAPTURE_AUTORELEASING = YES;
				CLANG_WARN_BOOL_CONVERSION = YES;
				CLANG_WARN_COMMA = YES;
				CLANG_WARN_CONSTANT_CONVERSION = YES;
				CLANG_WARN_DEPRECATED_OBJC_IMPLEMENTATIONS = YES;
				CLANG_WARN_DIRECT_OBJC_ISA_USAGE = YES_ERROR;
				CLANG_WARN_DOCUMENTATION_COMMENTS = YES;
				CLANG_WARN_EMPTY_BODY = YES;
				CLANG_WARN_ENUM_CONVERSION = YES;
				CLANG_WARN_INFINITE_RECURSION = YES;
				CLANG_WARN_INT_CONVERSION = YES;
				CLANG_WARN_NON_LITERAL_NULL_CONVERSION = YES;
				CLANG_WARN_OBJC_IMPLICIT_RETAIN_SELF = YES;
				CLANG_WARN_OBJC_LITERAL_CONVERSION = YES;
				CLANG_WARN_OBJC_ROOT_CLASS = YES_ERROR;
				CLANG_WARN_QUOTED_INCLUDE_IN_FRAMEWORK_HEADER = YES;
				CLANG_WARN_RANGE_LOOP_ANALYSIS = YES;
				CLANG_WARN_STRICT_PROTOTYPES = YES;
				CLANG_WARN_SUSPICIOUS_MOVE = YES;
				CLANG_WARN_UNGUARDED_AVAILABILITY = YES_AGGRESSIVE;
				CLANG_WARN_UNREACHABLE_CODE = YES;
				CLANG_WARN__DUPLICATE_METHOD_MATCH = YES;
				COPY_PHASE_STRIP = NO;
				DEBUG_INFORMATION_FORMAT = dwarf;
				ENABLE_STRICT_OBJC_MSGSEND = YES;
				ENABLE_TESTABILITY = YES;
				ENABLE_USER_SCRIPT_SANDBOXING = YES;
				GCC_C_LANGUAGE_STANDARD = gnu17;
				GCC_DYNAMIC_NO_PIC = NO;
				GCC_NO_COMMON_BLOCKS = YES;
				GCC_OPTIMIZATION_LEVEL = 0;
				GCC_PREPROCESSOR_DEFINITIONS = (
					"DEBUG=1",
					"$(inherited)",
				);
				GCC_WARN_64_TO_32_BIT_CONVERSION = YES;
				GCC_WARN_ABOUT_RETURN_TYPE = YES_ERROR;
				GCC_WARN_UNDECLARED_SELECTOR = YES;
				GCC_WARN_UNINITIALIZED_AUTOS = YES_AGGRESSIVE;
				GCC_WARN_UNUSED_FUNCTION = YES;
				GCC_WARN_UNUSED_VARIABLE = YES;
				IPHONEOS_DEPLOYMENT_TARGET = 17.0;
				LOCALIZATION_PREFERS_STRING_CATALOGS = YES;
				MTL_ENABLE_DEBUG_INFO = INCLUDE_SOURCE;
				MTL_FAST_MATH = YES;
				ONLY_ACTIVE_ARCH = YES;
				SDKROOT = iphoneos;
				SWIFT_ACTIVE_COMPILATION_CONDITIONS = "DEBUG $(inherited)";
				SWIFT_OPTIMIZATION_LEVEL = "-Onone";
			};
			name = Debug;
		};
		7B16C63D2C216F95006E9612 /* Release */ = {
			isa = XCBuildConfiguration;
			buildSettings = {
				ALWAYS_SEARCH_USER_PATHS = NO;
				ASSETCATALOG_COMPILER_GENERATE_SWIFT_ASSET_SYMBOL_EXTENSIONS = YES;
				CLANG_ANALYZER_NONNULL = YES;
				CLANG_ANALYZER_NUMBER_OBJECT_CONVERSION = YES_AGGRESSIVE;
				CLANG_CXX_LANGUAGE_STANDARD = "gnu++20";
				CLANG_ENABLE_MODULES = YES;
				CLANG_ENABLE_OBJC_ARC = YES;
				CLANG_ENABLE_OBJC_WEAK = YES;
				CLANG_WARN_BLOCK_CAPTURE_AUTORELEASING = YES;
				CLANG_WARN_BOOL_CONVERSION = YES;
				CLANG_WARN_COMMA = YES;
				CLANG_WARN_CONSTANT_CONVERSION = YES;
				CLANG_WARN_DEPRECATED_OBJC_IMPLEMENTATIONS = YES;
				CLANG_WARN_DIRECT_OBJC_ISA_USAGE = YES_ERROR;
				CLANG_WARN_DOCUMENTATION_COMMENTS = YES;
				CLANG_WARN_EMPTY_BODY = YES;
				CLANG_WARN_ENUM_CONVERSION = YES;
				CLANG_WARN_INFINITE_RECURSION = YES;
				CLANG_WARN_INT_CONVERSION = YES;
				CLANG_WARN_NON_LITERAL_NULL_CONVERSION = YES;
				CLANG_WARN_OBJC_IMPLICIT_RETAIN_SELF = YES;
				CLANG_WARN_OBJC_LITERAL_CONVERSION = YES;
				CLANG_WARN_OBJC_ROOT_CLASS = YES_ERROR;
				CLANG_WARN_QUOTED_INCLUDE_IN_FRAMEWORK_HEADER = YES;
				CLANG_WARN_RANGE_LOOP_ANALYSIS = YES;
				CLANG_WARN_STRICT_PROTOTYPES = YES;
				CLANG_WARN_SUSPICIOUS_MOVE = YES;
				CLANG_WARN_UNGUARDED_AVAILABILITY = YES_AGGRESSIVE;
				CLANG_WARN_UNREACHABLE_CODE = YES;
				CLANG_WARN__DUPLICATE_METHOD_MATCH = YES;
				COPY_PHASE_STRIP = NO;
				DEBUG_INFORMATION_FORMAT = "dwarf-with-dsym";
				ENABLE_NS_ASSERTIONS = NO;
				ENABLE_STRICT_OBJC_MSGSEND = YES;
				ENABLE_USER_SCRIPT_SANDBOXING = YES;
				GCC_C_LANGUAGE_STANDARD = gnu17;
				GCC_NO_COMMON_BLOCKS = YES;
				GCC_WARN_64_TO_32_BIT_CONVERSION = YES;
				GCC_WARN_ABOUT_RETURN_TYPE = YES_ERROR;
				GCC_WARN_UNDECLARED_SELECTOR = YES;
				GCC_WARN_UNINITIALIZED_AUTOS = YES_AGGRESSIVE;
				GCC_WARN_UNUSED_FUNCTION = YES;
				GCC_WARN_UNUSED_VARIABLE = YES;
				IPHONEOS_DEPLOYMENT_TARGET = 17.0;
				LOCALIZATION_PREFERS_STRING_CATALOGS = YES;
				MTL_ENABLE_DEBUG_INFO = NO;
				MTL_FAST_MATH = YES;
				SDKROOT = iphoneos;
				SWIFT_COMPILATION_MODE = wholemodule;
				VALIDATE_PRODUCT = YES;
			};
			name = Release;
		};
		7B16C63F2C216F95006E9612 /* Debug */ = {
			isa = XCBuildConfiguration;
			buildSettings = {
				ASSETCATALOG_COMPILER_APPICON_NAME = AppIcon;
				ASSETCATALOG_COMPILER_GLOBAL_ACCENT_COLOR_NAME = AccentColor;
				CODE_SIGN_STYLE = Automatic;
				CURRENT_PROJECT_VERSION = 1;
				GENERATE_INFOPLIST_FILE = YES;
				INFOPLIST_FILE = Weather_RxSwift/Info.plist;
				INFOPLIST_KEY_UIApplicationSupportsIndirectInputEvents = YES;
				INFOPLIST_KEY_UILaunchStoryboardName = LaunchScreen;
				INFOPLIST_KEY_UIMainStoryboardFile = Main;
				INFOPLIST_KEY_UISupportedInterfaceOrientations_iPad = "UIInterfaceOrientationPortrait UIInterfaceOrientationPortraitUpsideDown UIInterfaceOrientationLandscapeLeft UIInterfaceOrientationLandscapeRight";
				INFOPLIST_KEY_UISupportedInterfaceOrientations_iPhone = "UIInterfaceOrientationPortrait UIInterfaceOrientationLandscapeLeft UIInterfaceOrientationLandscapeRight";
				LD_RUNPATH_SEARCH_PATHS = (
					"$(inherited)",
					"@executable_path/Frameworks",
				);
				MARKETING_VERSION = 1.0;
				PRODUCT_BUNDLE_IDENTIFIER = "com.eunjoo.test.Weather-RxSwift";
				PRODUCT_NAME = "$(TARGET_NAME)";
				SWIFT_EMIT_LOC_STRINGS = YES;
				SWIFT_VERSION = 5.0;
				TARGETED_DEVICE_FAMILY = "1,2";
			};
			name = Debug;
		};
		7B16C6402C216F95006E9612 /* Release */ = {
			isa = XCBuildConfiguration;
			buildSettings = {
				ASSETCATALOG_COMPILER_APPICON_NAME = AppIcon;
				ASSETCATALOG_COMPILER_GLOBAL_ACCENT_COLOR_NAME = AccentColor;
				CODE_SIGN_STYLE = Automatic;
				CURRENT_PROJECT_VERSION = 1;
				GENERATE_INFOPLIST_FILE = YES;
				INFOPLIST_FILE = Weather_RxSwift/Info.plist;
				INFOPLIST_KEY_UIApplicationSupportsIndirectInputEvents = YES;
				INFOPLIST_KEY_UILaunchStoryboardName = LaunchScreen;
				INFOPLIST_KEY_UIMainStoryboardFile = Main;
				INFOPLIST_KEY_UISupportedInterfaceOrientations_iPad = "UIInterfaceOrientationPortrait UIInterfaceOrientationPortraitUpsideDown UIInterfaceOrientationLandscapeLeft UIInterfaceOrientationLandscapeRight";
				INFOPLIST_KEY_UISupportedInterfaceOrientations_iPhone = "UIInterfaceOrientationPortrait UIInterfaceOrientationLandscapeLeft UIInterfaceOrientationLandscapeRight";
				LD_RUNPATH_SEARCH_PATHS = (
					"$(inherited)",
					"@executable_path/Frameworks",
				);
				MARKETING_VERSION = 1.0;
				PRODUCT_BUNDLE_IDENTIFIER = "com.eunjoo.test.Weather-RxSwift";
				PRODUCT_NAME = "$(TARGET_NAME)";
				SWIFT_EMIT_LOC_STRINGS = YES;
				SWIFT_VERSION = 5.0;
				TARGETED_DEVICE_FAMILY = "1,2";
			};
			name = Release;
		};
		7B16C6422C216F95006E9612 /* Debug */ = {
			isa = XCBuildConfiguration;
			buildSettings = {
				ALWAYS_EMBED_SWIFT_STANDARD_LIBRARIES = YES;
				BUNDLE_LOADER = "$(TEST_HOST)";
				CODE_SIGN_STYLE = Automatic;
				CURRENT_PROJECT_VERSION = 1;
				GENERATE_INFOPLIST_FILE = YES;
				IPHONEOS_DEPLOYMENT_TARGET = 17.0;
				MARKETING_VERSION = 1.0;
				PRODUCT_BUNDLE_IDENTIFIER = "com.eunjoo.test.Weather-RxSwiftTests";
				PRODUCT_NAME = "$(TARGET_NAME)";
				SWIFT_EMIT_LOC_STRINGS = NO;
				SWIFT_VERSION = 5.0;
				TARGETED_DEVICE_FAMILY = "1,2";
				TEST_HOST = "$(BUILT_PRODUCTS_DIR)/Weather_RxSwift.app/$(BUNDLE_EXECUTABLE_FOLDER_PATH)/Weather_RxSwift";
			};
			name = Debug;
		};
		7B16C6432C216F95006E9612 /* Release */ = {
			isa = XCBuildConfiguration;
			buildSettings = {
				ALWAYS_EMBED_SWIFT_STANDARD_LIBRARIES = YES;
				BUNDLE_LOADER = "$(TEST_HOST)";
				CODE_SIGN_STYLE = Automatic;
				CURRENT_PROJECT_VERSION = 1;
				GENERATE_INFOPLIST_FILE = YES;
				IPHONEOS_DEPLOYMENT_TARGET = 17.0;
				MARKETING_VERSION = 1.0;
				PRODUCT_BUNDLE_IDENTIFIER = "com.eunjoo.test.Weather-RxSwiftTests";
				PRODUCT_NAME = "$(TARGET_NAME)";
				SWIFT_EMIT_LOC_STRINGS = NO;
				SWIFT_VERSION = 5.0;
				TARGETED_DEVICE_FAMILY = "1,2";
				TEST_HOST = "$(BUILT_PRODUCTS_DIR)/Weather_RxSwift.app/$(BUNDLE_EXECUTABLE_FOLDER_PATH)/Weather_RxSwift";
			};
			name = Release;
		};
		7B16C6452C216F95006E9612 /* Debug */ = {
			isa = XCBuildConfiguration;
			buildSettings = {
				ALWAYS_EMBED_SWIFT_STANDARD_LIBRARIES = YES;
				CODE_SIGN_STYLE = Automatic;
				CURRENT_PROJECT_VERSION = 1;
				GENERATE_INFOPLIST_FILE = YES;
				MARKETING_VERSION = 1.0;
				PRODUCT_BUNDLE_IDENTIFIER = "com.eunjoo.test.Weather-RxSwiftUITests";
				PRODUCT_NAME = "$(TARGET_NAME)";
				SWIFT_EMIT_LOC_STRINGS = NO;
				SWIFT_VERSION = 5.0;
				TARGETED_DEVICE_FAMILY = "1,2";
				TEST_TARGET_NAME = Weather_RxSwift;
			};
			name = Debug;
		};
		7B16C6462C216F95006E9612 /* Release */ = {
			isa = XCBuildConfiguration;
			buildSettings = {
				ALWAYS_EMBED_SWIFT_STANDARD_LIBRARIES = YES;
				CODE_SIGN_STYLE = Automatic;
				CURRENT_PROJECT_VERSION = 1;
				GENERATE_INFOPLIST_FILE = YES;
				MARKETING_VERSION = 1.0;
				PRODUCT_BUNDLE_IDENTIFIER = "com.eunjoo.test.Weather-RxSwiftUITests";
				PRODUCT_NAME = "$(TARGET_NAME)";
				SWIFT_EMIT_LOC_STRINGS = NO;
				SWIFT_VERSION = 5.0;
				TARGETED_DEVICE_FAMILY = "1,2";
				TEST_TARGET_NAME = Weather_RxSwift;
			};
			name = Release;
		};
/* End XCBuildConfiguration section */

/* Begin XCConfigurationList section */
		7B16C60F2C216F93006E9612 /* Build configuration list for PBXProject "Weather_RxSwift" */ = {
			isa = XCConfigurationList;
			buildConfigurations = (
				7B16C63C2C216F95006E9612 /* Debug */,
				7B16C63D2C216F95006E9612 /* Release */,
			);
			defaultConfigurationIsVisible = 0;
			defaultConfigurationName = Release;
		};
		7B16C63E2C216F95006E9612 /* Build configuration list for PBXNativeTarget "Weather_RxSwift" */ = {
			isa = XCConfigurationList;
			buildConfigurations = (
				7B16C63F2C216F95006E9612 /* Debug */,
				7B16C6402C216F95006E9612 /* Release */,
			);
			defaultConfigurationIsVisible = 0;
			defaultConfigurationName = Release;
		};
		7B16C6412C216F95006E9612 /* Build configuration list for PBXNativeTarget "Weather_RxSwiftTests" */ = {
			isa = XCConfigurationList;
			buildConfigurations = (
				7B16C6422C216F95006E9612 /* Debug */,
				7B16C6432C216F95006E9612 /* Release */,
			);
			defaultConfigurationIsVisible = 0;
			defaultConfigurationName = Release;
		};
		7B16C6442C216F95006E9612 /* Build configuration list for PBXNativeTarget "Weather_RxSwiftUITests" */ = {
			isa = XCConfigurationList;
			buildConfigurations = (
				7B16C6452C216F95006E9612 /* Debug */,
				7B16C6462C216F95006E9612 /* Release */,
			);
			defaultConfigurationIsVisible = 0;
			defaultConfigurationName = Release;
		};
/* End XCConfigurationList section */

/* Begin XCRemoteSwiftPackageReference section */
		7B16C6472C216FC7006E9612 /* XCRemoteSwiftPackageReference "RxSwift" */ = {
			isa = XCRemoteSwiftPackageReference;
			repositoryURL = "https://github.com/ReactiveX/RxSwift.git";
			requirement = {
				kind = upToNextMajorVersion;
				minimumVersion = 6.7.1;
			};
		};
/* End XCRemoteSwiftPackageReference section */

/* Begin XCSwiftPackageProductDependency section */
		7B16C6482C216FC7006E9612 /* RxCocoa */ = {
			isa = XCSwiftPackageProductDependency;
			package = 7B16C6472C216FC7006E9612 /* XCRemoteSwiftPackageReference "RxSwift" */;
			productName = RxCocoa;
		};
		7B16C64A2C216FC7006E9612 /* RxSwift */ = {
			isa = XCSwiftPackageProductDependency;
			package = 7B16C6472C216FC7006E9612 /* XCRemoteSwiftPackageReference "RxSwift" */;
			productName = RxSwift;
		};
		7B16C64C2C216FC7006E9612 /* RxTest */ = {
			isa = XCSwiftPackageProductDependency;
			package = 7B16C6472C216FC7006E9612 /* XCRemoteSwiftPackageReference "RxSwift" */;
			productName = RxTest;
		};
/* End XCSwiftPackageProductDependency section */
	};
	rootObject = 7B16C60C2C216F93006E9612 /* Project object */;
}
